
Microsoft Visual Studio Solution File, Format Version 12.00
# Visual Studio Version 16
VisualStudioVersion = 16.0.31229.75
MinimumVisualStudioVersion = 10.0.40219.1
Project("{FAE04EC0-301F-11D3-BF4B-00C04F79EFBC}") = "teamBuilderForGenshinImpact", "teamBuilderForGenshinImpact.csproj", "{2A6122A9-B781-40E9-B7A1-7F939EF3776C}"
EndProject
Global
	GlobalSection(SolutionConfigurationPlatforms) = preSolution
		Debug|Any CPU = Debug|Any CPU
		Release|Any CPU = Release|Any CPU
	EndGlobalSection
	GlobalSection(ProjectConfigurationPlatforms) = postSolution
		{2A6122A9-B781-40E9-B7A1-7F939EF3776C}.Debug|Any CPU.ActiveCfg = Debug|Any CPU
		{2A6122A9-B781-40E9-B7A1-7F939EF3776C}.Debug|Any CPU.Build.0 = Debug|Any CPU
		{2A6122A9-B781-40E9-B7A1-7F939EF3776C}.Release|Any CPU.ActiveCfg = Release|Any CPU
		{2A6122A9-B781-40E9-B7A1-7F939EF3776C}.Release|Any CPU.Build.0 = Release|Any CPU
	EndGlobalSection
	GlobalSection(SolutionProperties) = preSolution
		HideSolutionNode = FALSE
	EndGlobalSection
	GlobalSection(ExtensibilityGlobals) = postSolution
		SolutionGuid = {087DADA7-4214-4071-B80C-7A2A3BCE3D35}
	EndGlobalSection
EndGlobal
