
Microsoft Visual Studio Solution File, Format Version 12.00
# Visual Studio Version 16
VisualStudioVersion = 16.0.31229.75
MinimumVisualStudioVersion = 10.0.40219.1
Project("{9A19103F-16F7-4668-BE54-9A1E7A4F7556}") = "teamBuilderForGenshinImpact", "teamBuilderForGenshinImpact.csproj", "{2A6122A9-B781-40E9-B7A1-7F939EF3776C}"
EndProject
Global
	GlobalSection(SolutionConfigurationPlatforms) = preSolution
		Debug|Any CPU = Debug|Any CPU
		Debug|x64 = Debug|x64
		Release|Any CPU = Release|Any CPU
		Release|x64 = Release|x64
		TBFGE v1.0|Any CPU = TBFGE v1.0|Any CPU
		TBFGE v1.0|x64 = TBFGE v1.0|x64
	EndGlobalSection
	GlobalSection(ProjectConfigurationPlatforms) = postSolution
		{2A6122A9-B781-40E9-B7A1-7F939EF3776C}.Debug|Any CPU.ActiveCfg = Debug|Any CPU
		{2A6122A9-B781-40E9-B7A1-7F939EF3776C}.Debug|Any CPU.Build.0 = Debug|Any CPU
		{2A6122A9-B781-40E9-B7A1-7F939EF3776C}.Debug|x64.ActiveCfg = Debug|x64
		{2A6122A9-B781-40E9-B7A1-7F939EF3776C}.Debug|x64.Build.0 = Debug|x64
		{2A6122A9-B781-40E9-B7A1-7F939EF3776C}.Release|Any CPU.ActiveCfg = Release|Any CPU
		{2A6122A9-B781-40E9-B7A1-7F939EF3776C}.Release|Any CPU.Build.0 = Release|Any CPU
		{2A6122A9-B781-40E9-B7A1-7F939EF3776C}.Release|x64.ActiveCfg = Release|x64
		{2A6122A9-B781-40E9-B7A1-7F939EF3776C}.Release|x64.Build.0 = Release|x64
		{2A6122A9-B781-40E9-B7A1-7F939EF3776C}.TBFGE v1.0|Any CPU.ActiveCfg = TBFGE v1.0|Any CPU
		{2A6122A9-B781-40E9-B7A1-7F939EF3776C}.TBFGE v1.0|Any CPU.Build.0 = TBFGE v1.0|Any CPU
		{2A6122A9-B781-40E9-B7A1-7F939EF3776C}.TBFGE v1.0|x64.ActiveCfg = TBFGE v1.0|x64
		{2A6122A9-B781-40E9-B7A1-7F939EF3776C}.TBFGE v1.0|x64.Build.0 = TBFGE v1.0|x64
	EndGlobalSection
	GlobalSection(SolutionProperties) = preSolution
		HideSolutionNode = FALSE
	EndGlobalSection
	GlobalSection(ExtensibilityGlobals) = postSolution
		SolutionGuid = {087DADA7-4214-4071-B80C-7A2A3BCE3D35}
	EndGlobalSection
EndGlobal
